
Microsoft Visual Studio Solution File, Format Version 12.00
Project("{2150E333-8FDC-42A3-9474-1A3956D46DE8}") = "src", "src", "{FD2A3E55-B6E7-49FD-A24B-CD899EA0624B}"
EndProject
Project("{2150E333-8FDC-42A3-9474-1A3956D46DE8}") = "Presentation", "Presentation", "{32D44851-D90D-4EBC-8516-469579E33C61}"
EndProject
Project("{FAE04EC0-301F-11D3-BF4B-00C04F79EFBC}") = "CodeFlows", "src\Presentation\CodeFlows\CodeFlows.csproj", "{9E34A7CC-DEB0-471A-8A0D-E03BF42D881E}"
EndProject
Project("{FAE04EC0-301F-11D3-BF4B-00C04F79EFBC}") = "CodeFlowsWithOpenIdConnect", "src\Presentation\CodeFlowsWithOpenIdConnect\CodeFlowsWithOpenIdConnect.csproj", "{F99A4069-E293-40D2-8050-166EFDB8E242}"
EndProject
Project("{FAE04EC0-301F-11D3-BF4B-00C04F79EFBC}") = "WeatherAPI", "src\Presentation\WeatherAPI\WeatherAPI.csproj", "{79373240-8F51-468A-B51E-6BA5EC16AA3A}"
EndProject
Project("{FAE04EC0-301F-11D3-BF4B-00C04F79EFBC}") = "WeatherClient", "src\Presentation\WeatherClient\WeatherClient.csproj", "{0A78D8E0-F531-417C-BE65-05FF7C7DB24A}"
EndProject
Global
	GlobalSection(SolutionConfigurationPlatforms) = preSolution
		Debug|Any CPU = Debug|Any CPU
		Release|Any CPU = Release|Any CPU
	EndGlobalSection
	GlobalSection(NestedProjects) = preSolution
		{32D44851-D90D-4EBC-8516-469579E33C61} = {FD2A3E55-B6E7-49FD-A24B-CD899EA0624B}
		{9E34A7CC-DEB0-471A-8A0D-E03BF42D881E} = {32D44851-D90D-4EBC-8516-469579E33C61}
		{F99A4069-E293-40D2-8050-166EFDB8E242} = {32D44851-D90D-4EBC-8516-469579E33C61}
		{79373240-8F51-468A-B51E-6BA5EC16AA3A} = {32D44851-D90D-4EBC-8516-469579E33C61}
		{0A78D8E0-F531-417C-BE65-05FF7C7DB24A} = {32D44851-D90D-4EBC-8516-469579E33C61}
	EndGlobalSection
	GlobalSection(ProjectConfigurationPlatforms) = postSolution
		{9E34A7CC-DEB0-471A-8A0D-E03BF42D881E}.Debug|Any CPU.ActiveCfg = Debug|Any CPU
		{9E34A7CC-DEB0-471A-8A0D-E03BF42D881E}.Debug|Any CPU.Build.0 = Debug|Any CPU
		{9E34A7CC-DEB0-471A-8A0D-E03BF42D881E}.Release|Any CPU.ActiveCfg = Release|Any CPU
		{9E34A7CC-DEB0-471A-8A0D-E03BF42D881E}.Release|Any CPU.Build.0 = Release|Any CPU
		{F99A4069-E293-40D2-8050-166EFDB8E242}.Debug|Any CPU.ActiveCfg = Debug|Any CPU
		{F99A4069-E293-40D2-8050-166EFDB8E242}.Debug|Any CPU.Build.0 = Debug|Any CPU
		{F99A4069-E293-40D2-8050-166EFDB8E242}.Release|Any CPU.ActiveCfg = Release|Any CPU
		{F99A4069-E293-40D2-8050-166EFDB8E242}.Release|Any CPU.Build.0 = Release|Any CPU
		{79373240-8F51-468A-B51E-6BA5EC16AA3A}.Debug|Any CPU.ActiveCfg = Debug|Any CPU
		{79373240-8F51-468A-B51E-6BA5EC16AA3A}.Debug|Any CPU.Build.0 = Debug|Any CPU
		{79373240-8F51-468A-B51E-6BA5EC16AA3A}.Release|Any CPU.ActiveCfg = Release|Any CPU
		{79373240-8F51-468A-B51E-6BA5EC16AA3A}.Release|Any CPU.Build.0 = Release|Any CPU
		{79373240-8F51-468A-B51E-6BA5EC16AA3A}.Debug|Any CPU.Deploy.0 = Debug|Any CPU
		{79373240-8F51-468A-B51E-6BA5EC16AA3A}.Release|Any CPU.Deploy.0 = Release|Any CPU
		{0A78D8E0-F531-417C-BE65-05FF7C7DB24A}.Debug|Any CPU.ActiveCfg = Debug|Any CPU
		{0A78D8E0-F531-417C-BE65-05FF7C7DB24A}.Debug|Any CPU.Build.0 = Debug|Any CPU
		{0A78D8E0-F531-417C-BE65-05FF7C7DB24A}.Release|Any CPU.ActiveCfg = Release|Any CPU
		{0A78D8E0-F531-417C-BE65-05FF7C7DB24A}.Release|Any CPU.Build.0 = Release|Any CPU
	EndGlobalSection
EndGlobal
